
Microsoft Visual Studio Solution File, Format Version 12.00
# Visual Studio 15
VisualStudioVersion = 15.0.27703.2026
MinimumVisualStudioVersion = 10.0.40219.1
Project("{FAE04EC0-301F-11D3-BF4B-00C04F79EFBC}") = "ParseTheParcel", "ParseTheParcel\ParseTheParcel.csproj", "{0A2E7F1B-9E00-4AA0-B94F-7BF623FAB641}"
EndProject
Project("{FAE04EC0-301F-11D3-BF4B-00C04F79EFBC}") = "ParseTheParcel.Api", "ParseTheParcel.Api\ParseTheParcel.Api.csproj", "{38203512-B6B9-4C60-B345-02EC12A8BE87}"
EndProject
Project("{FAE04EC0-301F-11D3-BF4B-00C04F79EFBC}") = "ParseTheParcel.UnitTests", "ParseTheParcel.UnitTests\ParseTheParcel.UnitTests.csproj", "{728B767A-3F9E-4BBE-AE7A-A3B6B521985C}"
EndProject
Global
	GlobalSection(SolutionConfigurationPlatforms) = preSolution
		Debug|Any CPU = Debug|Any CPU
		Release|Any CPU = Release|Any CPU
	EndGlobalSection
	GlobalSection(ProjectConfigurationPlatforms) = postSolution
		{0A2E7F1B-9E00-4AA0-B94F-7BF623FAB641}.Debug|Any CPU.ActiveCfg = Debug|Any CPU
		{0A2E7F1B-9E00-4AA0-B94F-7BF623FAB641}.Debug|Any CPU.Build.0 = Debug|Any CPU
		{0A2E7F1B-9E00-4AA0-B94F-7BF623FAB641}.Release|Any CPU.ActiveCfg = Release|Any CPU
		{0A2E7F1B-9E00-4AA0-B94F-7BF623FAB641}.Release|Any CPU.Build.0 = Release|Any CPU
		{38203512-B6B9-4C60-B345-02EC12A8BE87}.Debug|Any CPU.ActiveCfg = Debug|Any CPU
		{38203512-B6B9-4C60-B345-02EC12A8BE87}.Debug|Any CPU.Build.0 = Debug|Any CPU
		{38203512-B6B9-4C60-B345-02EC12A8BE87}.Release|Any CPU.ActiveCfg = Release|Any CPU
		{38203512-B6B9-4C60-B345-02EC12A8BE87}.Release|Any CPU.Build.0 = Release|Any CPU
		{728B767A-3F9E-4BBE-AE7A-A3B6B521985C}.Debug|Any CPU.ActiveCfg = Debug|Any CPU
		{728B767A-3F9E-4BBE-AE7A-A3B6B521985C}.Debug|Any CPU.Build.0 = Debug|Any CPU
		{728B767A-3F9E-4BBE-AE7A-A3B6B521985C}.Release|Any CPU.ActiveCfg = Release|Any CPU
		{728B767A-3F9E-4BBE-AE7A-A3B6B521985C}.Release|Any CPU.Build.0 = Release|Any CPU
	EndGlobalSection
	GlobalSection(SolutionProperties) = preSolution
		HideSolutionNode = FALSE
	EndGlobalSection
	GlobalSection(ExtensibilityGlobals) = postSolution
		SolutionGuid = {E5DF22D5-2DD5-4911-ACFF-8DE5C46F443B}
	EndGlobalSection
EndGlobal
